
Microsoft Visual Studio Solution File, Format Version 12.00
# Visual Studio Version 16
VisualStudioVersion = 16.0.30114.105
MinimumVisualStudioVersion = 10.0.40219.1
Project("{FAE04EC0-301F-11D3-BF4B-00C04F79EFBC}") = "project", "proj-file-single-target-framework\project.csproj", "{527FFD44-74DA-4378-8274-0FAC78D40B8B}"
EndProject
Project("{FAE04EC0-301F-11D3-BF4B-00C04F79EFBC}") = "project", "proj-file-multiple-target-frameworks\project.csproj", "{94F75D1A-9DA5-4DC3-8D39-D17A94006448}"
EndProject
Project("{FAE04EC0-301F-11D3-BF4B-00C04F79EFBC}") = "project", "packages-config-single-target-framework\project.csproj", "{81394F8B-BE95-4798-BD4D-A72E25407FD9}"
EndProject
Project("{FAE04EC0-301F-11D3-BF4B-00C04F79EFBC}") = "project", "packages-config-multiple-target-frameworks\project.csproj", "{20F22687-63EF-4BBA-BC13-7784A59C38A8}"
EndProject
Global
	GlobalSection(SolutionProperties) = preSolution
		HideSolutionNode = FALSE
	EndGlobalSection
	GlobalSection(SolutionConfigurationPlatforms) = preSolution
		Debug|Any CPU = Debug|Any CPU
		Debug|x64 = Debug|x64
		Debug|x86 = Debug|x86
		Release|Any CPU = Release|Any CPU
		Release|x64 = Release|x64
		Release|x86 = Release|x86
	EndGlobalSection
	GlobalSection(ProjectConfigurationPlatforms) = postSolution
		{527FFD44-74DA-4378-8274-0FAC78D40B8B}.Debug|Any CPU.ActiveCfg = Debug|Any CPU
		{527FFD44-74DA-4378-8274-0FAC78D40B8B}.Debug|Any CPU.Build.0 = Debug|Any CPU
		{527FFD44-74DA-4378-8274-0FAC78D40B8B}.Debug|x64.ActiveCfg = Debug|Any CPU
		{527FFD44-74DA-4378-8274-0FAC78D40B8B}.Debug|x64.Build.0 = Debug|Any CPU
		{527FFD44-74DA-4378-8274-0FAC78D40B8B}.Debug|x86.ActiveCfg = Debug|Any CPU
		{527FFD44-74DA-4378-8274-0FAC78D40B8B}.Debug|x86.Build.0 = Debug|Any CPU
		{527FFD44-74DA-4378-8274-0FAC78D40B8B}.Release|Any CPU.ActiveCfg = Release|Any CPU
		{527FFD44-74DA-4378-8274-0FAC78D40B8B}.Release|Any CPU.Build.0 = Release|Any CPU
		{527FFD44-74DA-4378-8274-0FAC78D40B8B}.Release|x64.ActiveCfg = Release|Any CPU
		{527FFD44-74DA-4378-8274-0FAC78D40B8B}.Release|x64.Build.0 = Release|Any CPU
		{527FFD44-74DA-4378-8274-0FAC78D40B8B}.Release|x86.ActiveCfg = Release|Any CPU
		{527FFD44-74DA-4378-8274-0FAC78D40B8B}.Release|x86.Build.0 = Release|Any CPU
		{94F75D1A-9DA5-4DC3-8D39-D17A94006448}.Debug|Any CPU.ActiveCfg = Debug|Any CPU
		{94F75D1A-9DA5-4DC3-8D39-D17A94006448}.Debug|Any CPU.Build.0 = Debug|Any CPU
		{94F75D1A-9DA5-4DC3-8D39-D17A94006448}.Debug|x64.ActiveCfg = Debug|Any CPU
		{94F75D1A-9DA5-4DC3-8D39-D17A94006448}.Debug|x64.Build.0 = Debug|Any CPU
		{94F75D1A-9DA5-4DC3-8D39-D17A94006448}.Debug|x86.ActiveCfg = Debug|Any CPU
		{94F75D1A-9DA5-4DC3-8D39-D17A94006448}.Debug|x86.Build.0 = Debug|Any CPU
		{94F75D1A-9DA5-4DC3-8D39-D17A94006448}.Release|Any CPU.ActiveCfg = Release|Any CPU
		{94F75D1A-9DA5-4DC3-8D39-D17A94006448}.Release|Any CPU.Build.0 = Release|Any CPU
		{94F75D1A-9DA5-4DC3-8D39-D17A94006448}.Release|x64.ActiveCfg = Release|Any CPU
		{94F75D1A-9DA5-4DC3-8D39-D17A94006448}.Release|x64.Build.0 = Release|Any CPU
		{94F75D1A-9DA5-4DC3-8D39-D17A94006448}.Release|x86.ActiveCfg = Release|Any CPU
		{94F75D1A-9DA5-4DC3-8D39-D17A94006448}.Release|x86.Build.0 = Release|Any CPU
		{81394F8B-BE95-4798-BD4D-A72E25407FD9}.Debug|Any CPU.ActiveCfg = Debug|Any CPU
		{81394F8B-BE95-4798-BD4D-A72E25407FD9}.Debug|Any CPU.Build.0 = Debug|Any CPU
		{81394F8B-BE95-4798-BD4D-A72E25407FD9}.Debug|x64.ActiveCfg = Debug|Any CPU
		{81394F8B-BE95-4798-BD4D-A72E25407FD9}.Debug|x64.Build.0 = Debug|Any CPU
		{81394F8B-BE95-4798-BD4D-A72E25407FD9}.Debug|x86.ActiveCfg = Debug|Any CPU
		{81394F8B-BE95-4798-BD4D-A72E25407FD9}.Debug|x86.Build.0 = Debug|Any CPU
		{81394F8B-BE95-4798-BD4D-A72E25407FD9}.Release|Any CPU.ActiveCfg = Release|Any CPU
		{81394F8B-BE95-4798-BD4D-A72E25407FD9}.Release|Any CPU.Build.0 = Release|Any CPU
		{81394F8B-BE95-4798-BD4D-A72E25407FD9}.Release|x64.ActiveCfg = Release|Any CPU
		{81394F8B-BE95-4798-BD4D-A72E25407FD9}.Release|x64.Build.0 = Release|Any CPU
		{81394F8B-BE95-4798-BD4D-A72E25407FD9}.Release|x86.ActiveCfg = Release|Any CPU
		{81394F8B-BE95-4798-BD4D-A72E25407FD9}.Release|x86.Build.0 = Release|Any CPU
		{20F22687-63EF-4BBA-BC13-7784A59C38A8}.Debug|Any CPU.ActiveCfg = Debug|Any CPU
		{20F22687-63EF-4BBA-BC13-7784A59C38A8}.Debug|Any CPU.Build.0 = Debug|Any CPU
		{20F22687-63EF-4BBA-BC13-7784A59C38A8}.Debug|x64.ActiveCfg = Debug|Any CPU
		{20F22687-63EF-4BBA-BC13-7784A59C38A8}.Debug|x64.Build.0 = Debug|Any CPU
		{20F22687-63EF-4BBA-BC13-7784A59C38A8}.Debug|x86.ActiveCfg = Debug|Any CPU
		{20F22687-63EF-4BBA-BC13-7784A59C38A8}.Debug|x86.Build.0 = Debug|Any CPU
		{20F22687-63EF-4BBA-BC13-7784A59C38A8}.Release|Any CPU.ActiveCfg = Release|Any CPU
		{20F22687-63EF-4BBA-BC13-7784A59C38A8}.Release|Any CPU.Build.0 = Release|Any CPU
		{20F22687-63EF-4BBA-BC13-7784A59C38A8}.Release|x64.ActiveCfg = Release|Any CPU
		{20F22687-63EF-4BBA-BC13-7784A59C38A8}.Release|x64.Build.0 = Release|Any CPU
		{20F22687-63EF-4BBA-BC13-7784A59C38A8}.Release|x86.ActiveCfg = Release|Any CPU
		{20F22687-63EF-4BBA-BC13-7784A59C38A8}.Release|x86.Build.0 = Release|Any CPU
	EndGlobalSection
EndGlobal
